// !$*UTF8*$!
{
	archiveVersion = 1;
	classes = {
	};
	objectVersion = 50;
	objects = {

/* Begin PBXBuildFile section */
		B20D3E1925F0E74900123A1D /* WidgetProperty.swift in Sources */ = {isa = PBXBuildFile; fileRef = B20D3E1825F0E74900123A1D /* WidgetProperty.swift */; };
		B20D3E1E25F0E75B00123A1D /* WidgetProperty.swift in Sources */ = {isa = PBXBuildFile; fileRef = B20D3E1825F0E74900123A1D /* WidgetProperty.swift */; };
		B20D3E2D25F0EAA000123A1D /* a.jpg in Resources */ = {isa = PBXBuildFile; fileRef = B2518F2825F0C11500C3E67C /* a.jpg */; };
		B20D3E3425F0EAEC00123A1D /* SmallWidgetView.swift in Sources */ = {isa = PBXBuildFile; fileRef = B20D3E3325F0EAEC00123A1D /* SmallWidgetView.swift */; };
		B20D3E3D25F0EB0400123A1D /* SmallWidgetView.swift in Sources */ = {isa = PBXBuildFile; fileRef = B20D3E3325F0EAEC00123A1D /* SmallWidgetView.swift */; };
		B20D3E4325F0EB0F00123A1D /* MediumWidgetView.swift in Sources */ = {isa = PBXBuildFile; fileRef = B20D3E4225F0EB0F00123A1D /* MediumWidgetView.swift */; };
		B20D3E4825F0EB1A00123A1D /* MediumWidgetView.swift in Sources */ = {isa = PBXBuildFile; fileRef = B20D3E4225F0EB0F00123A1D /* MediumWidgetView.swift */; };
		B20D3E4E25F0EB3F00123A1D /* LargeWidgetView.swift in Sources */ = {isa = PBXBuildFile; fileRef = B20D3E4D25F0EB3F00123A1D /* LargeWidgetView.swift */; };
		B20D3E5325F0EB5200123A1D /* LargeWidgetView.swift in Sources */ = {isa = PBXBuildFile; fileRef = B20D3E4D25F0EB3F00123A1D /* LargeWidgetView.swift */; };
		B20D3E6425F0EBA900123A1D /* b.jpg in Resources */ = {isa = PBXBuildFile; fileRef = B2518F2A25F0C11500C3E67C /* b.jpg */; };
		B20D3E6925F0EBAB00123A1D /* c.jpg in Resources */ = {isa = PBXBuildFile; fileRef = B2518F2925F0C11500C3E67C /* c.jpg */; };
		B20D3E6E25F0EBAE00123A1D /* d.jpg in Resources */ = {isa = PBXBuildFile; fileRef = B2518F2725F0C11400C3E67C /* d.jpg */; };
		B20D3E7325F0EBB000123A1D /* e.jpg in Resources */ = {isa = PBXBuildFile; fileRef = B2518F2D25F0C11500C3E67C /* e.jpg */; };
		B20D3E7825F0EBB300123A1D /* f.jpg in Resources */ = {isa = PBXBuildFile; fileRef = B2518F2C25F0C11500C3E67C /* f.jpg */; };
		B20D3E7D25F0EBB500123A1D /* h.jpg in Resources */ = {isa = PBXBuildFile; fileRef = B2518F2625F0C11400C3E67C /* h.jpg */; };
		B20D3E8225F1018E00123A1D /* SampleWidget.intentdefinition in Sources */ = {isa = PBXBuildFile; fileRef = B2518F1625F0A31900C3E67C /* SampleWidget.intentdefinition */; };
		B2518F1125F0A31900C3E67C /* WidgetKit.framework in Frameworks */ = {isa = PBXBuildFile; fileRef = B2F100A325EF8730003CE61C /* WidgetKit.framework */; };
		B2518F1225F0A31900C3E67C /* SwiftUI.framework in Frameworks */ = {isa = PBXBuildFile; fileRef = B2F100A525EF8730003CE61C /* SwiftUI.framework */; };
		B2518F1525F0A31900C3E67C /* SampleWidget.swift in Sources */ = {isa = PBXBuildFile; fileRef = B2518F1425F0A31900C3E67C /* SampleWidget.swift */; };
		B2518F1825F0A31B00C3E67C /* Assets.xcassets in Resources */ = {isa = PBXBuildFile; fileRef = B2518F1725F0A31B00C3E67C /* Assets.xcassets */; };
		B2518F1A25F0A31B00C3E67C /* SampleWidget.intentdefinition in Sources */ = {isa = PBXBuildFile; fileRef = B2518F1625F0A31900C3E67C /* SampleWidget.intentdefinition */; };
		B2518F1E25F0A31B00C3E67C /* SampleWidgetExtension.appex in Embed App Extensions */ = {isa = PBXBuildFile; fileRef = B2518F1025F0A31800C3E67C /* SampleWidgetExtension.appex */; settings = {ATTRIBUTES = (RemoveHeadersOnCopy, ); }; };
		B2518F2E25F0C11500C3E67C /* h.jpg in Resources */ = {isa = PBXBuildFile; fileRef = B2518F2625F0C11400C3E67C /* h.jpg */; };
		B2518F2F25F0C11500C3E67C /* d.jpg in Resources */ = {isa = PBXBuildFile; fileRef = B2518F2725F0C11400C3E67C /* d.jpg */; };
		B2518F3025F0C11500C3E67C /* a.jpg in Resources */ = {isa = PBXBuildFile; fileRef = B2518F2825F0C11500C3E67C /* a.jpg */; };
		B2518F3125F0C11500C3E67C /* c.jpg in Resources */ = {isa = PBXBuildFile; fileRef = B2518F2925F0C11500C3E67C /* c.jpg */; };
		B2518F3225F0C11500C3E67C /* b.jpg in Resources */ = {isa = PBXBuildFile; fileRef = B2518F2A25F0C11500C3E67C /* b.jpg */; };
		B2518F3425F0C11500C3E67C /* f.jpg in Resources */ = {isa = PBXBuildFile; fileRef = B2518F2C25F0C11500C3E67C /* f.jpg */; };
		B2518F3525F0C11500C3E67C /* e.jpg in Resources */ = {isa = PBXBuildFile; fileRef = B2518F2D25F0C11500C3E67C /* e.jpg */; };
		B2518F5125F0CBE700C3E67C /* MainPresenter.swift in Sources */ = {isa = PBXBuildFile; fileRef = B2518F5025F0CBE700C3E67C /* MainPresenter.swift */; };
		B284E6B625F4939500533A72 /* ObjectArchiver.swift in Sources */ = {isa = PBXBuildFile; fileRef = B284E6B525F4939500533A72 /* ObjectArchiver.swift */; };
		B284E6BB25F4946300533A72 /* ObjectArchiver.swift in Sources */ = {isa = PBXBuildFile; fileRef = B284E6B525F4939500533A72 /* ObjectArchiver.swift */; };
		B284E6C525F4B99F00533A72 /* CodableWidgetProperty.swift in Sources */ = {isa = PBXBuildFile; fileRef = B284E6C425F4B99F00533A72 /* CodableWidgetProperty.swift */; };
		B284E6CB25F4B9CA00533A72 /* CodableColor.swift in Sources */ = {isa = PBXBuildFile; fileRef = B284E6CA25F4B9CA00533A72 /* CodableColor.swift */; };
		B284E6D125F4B9F000533A72 /* CodableImage.swift in Sources */ = {isa = PBXBuildFile; fileRef = B284E6D025F4B9F000533A72 /* CodableImage.swift */; };
		B284E6D725F4BA1000533A72 /* CodableFont.swift in Sources */ = {isa = PBXBuildFile; fileRef = B284E6D625F4BA1000533A72 /* CodableFont.swift */; };
		B2F1007025EF86CA003CE61C /* WidgetExampleApp.swift in Sources */ = {isa = PBXBuildFile; fileRef = B2F1006F25EF86CA003CE61C /* WidgetExampleApp.swift */; };
		B2F1007225EF86CA003CE61C /* MainView.swift in Sources */ = {isa = PBXBuildFile; fileRef = B2F1007125EF86CA003CE61C /* MainView.swift */; };
		B2F1007425EF86CD003CE61C /* Assets.xcassets in Resources */ = {isa = PBXBuildFile; fileRef = B2F1007325EF86CD003CE61C /* Assets.xcassets */; };
		B2F1007725EF86CD003CE61C /* Preview Assets.xcassets in Resources */ = {isa = PBXBuildFile; fileRef = B2F1007625EF86CD003CE61C /* Preview Assets.xcassets */; };
		B2F1008225EF86CD003CE61C /* WidgetExampleTests.swift in Sources */ = {isa = PBXBuildFile; fileRef = B2F1008125EF86CD003CE61C /* WidgetExampleTests.swift */; };
		B2F1008D25EF86CD003CE61C /* WidgetExampleUITests.swift in Sources */ = {isa = PBXBuildFile; fileRef = B2F1008C25EF86CD003CE61C /* WidgetExampleUITests.swift */; };
/* End PBXBuildFile section */

/* Begin PBXContainerItemProxy section */
		B2518F1C25F0A31B00C3E67C /* PBXContainerItemProxy */ = {
			isa = PBXContainerItemProxy;
			containerPortal = B2F1006425EF86CA003CE61C /* Project object */;
			proxyType = 1;
			remoteGlobalIDString = B2518F0F25F0A31800C3E67C;
			remoteInfo = SampleWidgetExtension;
		};
		B2F1007E25EF86CD003CE61C /* PBXContainerItemProxy */ = {
			isa = PBXContainerItemProxy;
			containerPortal = B2F1006425EF86CA003CE61C /* Project object */;
			proxyType = 1;
			remoteGlobalIDString = B2F1006B25EF86CA003CE61C;
			remoteInfo = WidgetExample;
		};
		B2F1008925EF86CD003CE61C /* PBXContainerItemProxy */ = {
			isa = PBXContainerItemProxy;
			containerPortal = B2F1006425EF86CA003CE61C /* Project object */;
			proxyType = 1;
			remoteGlobalIDString = B2F1006B25EF86CA003CE61C;
			remoteInfo = WidgetExample;
		};
/* End PBXContainerItemProxy section */

/* Begin PBXCopyFilesBuildPhase section */
		B2F100B625EF8732003CE61C /* Embed App Extensions */ = {
			isa = PBXCopyFilesBuildPhase;
			buildActionMask = 2147483647;
			dstPath = "";
			dstSubfolderSpec = 13;
			files = (
				B2518F1E25F0A31B00C3E67C /* SampleWidgetExtension.appex in Embed App Extensions */,
			);
			name = "Embed App Extensions";
			runOnlyForDeploymentPostprocessing = 0;
		};
/* End PBXCopyFilesBuildPhase section */

/* Begin PBXFileReference section */
		B20D3E1825F0E74900123A1D /* WidgetProperty.swift */ = {isa = PBXFileReference; lastKnownFileType = sourcecode.swift; path = WidgetProperty.swift; sourceTree = "<group>"; };
		B20D3E3325F0EAEC00123A1D /* SmallWidgetView.swift */ = {isa = PBXFileReference; lastKnownFileType = sourcecode.swift; path = SmallWidgetView.swift; sourceTree = "<group>"; };
		B20D3E4225F0EB0F00123A1D /* MediumWidgetView.swift */ = {isa = PBXFileReference; lastKnownFileType = sourcecode.swift; path = MediumWidgetView.swift; sourceTree = "<group>"; };
		B20D3E4D25F0EB3F00123A1D /* LargeWidgetView.swift */ = {isa = PBXFileReference; lastKnownFileType = sourcecode.swift; path = LargeWidgetView.swift; sourceTree = "<group>"; };
		B20D3E8B25F1039F00123A1D /* WidgetExample.entitlements */ = {isa = PBXFileReference; lastKnownFileType = text.plist.entitlements; path = WidgetExample.entitlements; sourceTree = "<group>"; };
		B20D3E9025F103C200123A1D /* SampleWidgetExtension.entitlements */ = {isa = PBXFileReference; lastKnownFileType = text.plist.entitlements; path = SampleWidgetExtension.entitlements; sourceTree = "<group>"; };
		B2518F1025F0A31800C3E67C /* SampleWidgetExtension.appex */ = {isa = PBXFileReference; explicitFileType = "wrapper.app-extension"; includeInIndex = 0; path = SampleWidgetExtension.appex; sourceTree = BUILT_PRODUCTS_DIR; };
		B2518F1425F0A31900C3E67C /* SampleWidget.swift */ = {isa = PBXFileReference; lastKnownFileType = sourcecode.swift; path = SampleWidget.swift; sourceTree = "<group>"; };
		B2518F1625F0A31900C3E67C /* SampleWidget.intentdefinition */ = {isa = PBXFileReference; lastKnownFileType = file.intentdefinition; path = SampleWidget.intentdefinition; sourceTree = "<group>"; };
		B2518F1725F0A31B00C3E67C /* Assets.xcassets */ = {isa = PBXFileReference; lastKnownFileType = folder.assetcatalog; path = Assets.xcassets; sourceTree = "<group>"; };
		B2518F1925F0A31B00C3E67C /* Info.plist */ = {isa = PBXFileReference; lastKnownFileType = text.plist.xml; path = Info.plist; sourceTree = "<group>"; };
		B2518F2625F0C11400C3E67C /* h.jpg */ = {isa = PBXFileReference; lastKnownFileType = image.jpeg; path = h.jpg; sourceTree = "<group>"; };
		B2518F2725F0C11400C3E67C /* d.jpg */ = {isa = PBXFileReference; lastKnownFileType = image.jpeg; path = d.jpg; sourceTree = "<group>"; };
		B2518F2825F0C11500C3E67C /* a.jpg */ = {isa = PBXFileReference; lastKnownFileType = image.jpeg; path = a.jpg; sourceTree = "<group>"; };
		B2518F2925F0C11500C3E67C /* c.jpg */ = {isa = PBXFileReference; lastKnownFileType = image.jpeg; path = c.jpg; sourceTree = "<group>"; };
		B2518F2A25F0C11500C3E67C /* b.jpg */ = {isa = PBXFileReference; lastKnownFileType = image.jpeg; path = b.jpg; sourceTree = "<group>"; };
		B2518F2C25F0C11500C3E67C /* f.jpg */ = {isa = PBXFileReference; lastKnownFileType = image.jpeg; path = f.jpg; sourceTree = "<group>"; };
		B2518F2D25F0C11500C3E67C /* e.jpg */ = {isa = PBXFileReference; lastKnownFileType = image.jpeg; path = e.jpg; sourceTree = "<group>"; };
		B2518F5025F0CBE700C3E67C /* MainPresenter.swift */ = {isa = PBXFileReference; lastKnownFileType = sourcecode.swift; path = MainPresenter.swift; sourceTree = "<group>"; };
		B284E6B525F4939500533A72 /* ObjectArchiver.swift */ = {isa = PBXFileReference; lastKnownFileType = sourcecode.swift; path = ObjectArchiver.swift; sourceTree = "<group>"; };
		B284E6C425F4B99F00533A72 /* CodableWidgetProperty.swift */ = {isa = PBXFileReference; lastKnownFileType = sourcecode.swift; path = CodableWidgetProperty.swift; sourceTree = "<group>"; };
		B284E6CA25F4B9CA00533A72 /* CodableColor.swift */ = {isa = PBXFileReference; lastKnownFileType = sourcecode.swift; path = CodableColor.swift; sourceTree = "<group>"; };
		B284E6D025F4B9F000533A72 /* CodableImage.swift */ = {isa = PBXFileReference; lastKnownFileType = sourcecode.swift; path = CodableImage.swift; sourceTree = "<group>"; };
		B284E6D625F4BA1000533A72 /* CodableFont.swift */ = {isa = PBXFileReference; lastKnownFileType = sourcecode.swift; path = CodableFont.swift; sourceTree = "<group>"; };
		B2F1006C25EF86CA003CE61C /* WidgetExample.app */ = {isa = PBXFileReference; explicitFileType = wrapper.application; includeInIndex = 0; path = WidgetExample.app; sourceTree = BUILT_PRODUCTS_DIR; };
		B2F1006F25EF86CA003CE61C /* WidgetExampleApp.swift */ = {isa = PBXFileReference; lastKnownFileType = sourcecode.swift; path = WidgetExampleApp.swift; sourceTree = "<group>"; };
		B2F1007125EF86CA003CE61C /* MainView.swift */ = {isa = PBXFileReference; lastKnownFileType = sourcecode.swift; path = MainView.swift; sourceTree = "<group>"; };
		B2F1007325EF86CD003CE61C /* Assets.xcassets */ = {isa = PBXFileReference; lastKnownFileType = folder.assetcatalog; path = Assets.xcassets; sourceTree = "<group>"; };
		B2F1007625EF86CD003CE61C /* Preview Assets.xcassets */ = {isa = PBXFileReference; lastKnownFileType = folder.assetcatalog; path = "Preview Assets.xcassets"; sourceTree = "<group>"; };
		B2F1007825EF86CD003CE61C /* Info.plist */ = {isa = PBXFileReference; lastKnownFileType = text.plist.xml; path = Info.plist; sourceTree = "<group>"; };
		B2F1007D25EF86CD003CE61C /* WidgetExampleTests.xctest */ = {isa = PBXFileReference; explicitFileType = wrapper.cfbundle; includeInIndex = 0; path = WidgetExampleTests.xctest; sourceTree = BUILT_PRODUCTS_DIR; };
		B2F1008125EF86CD003CE61C /* WidgetExampleTests.swift */ = {isa = PBXFileReference; lastKnownFileType = sourcecode.swift; path = WidgetExampleTests.swift; sourceTree = "<group>"; };
		B2F1008325EF86CD003CE61C /* Info.plist */ = {isa = PBXFileReference; lastKnownFileType = text.plist.xml; path = Info.plist; sourceTree = "<group>"; };
		B2F1008825EF86CD003CE61C /* WidgetExampleUITests.xctest */ = {isa = PBXFileReference; explicitFileType = wrapper.cfbundle; includeInIndex = 0; path = WidgetExampleUITests.xctest; sourceTree = BUILT_PRODUCTS_DIR; };
		B2F1008C25EF86CD003CE61C /* WidgetExampleUITests.swift */ = {isa = PBXFileReference; lastKnownFileType = sourcecode.swift; path = WidgetExampleUITests.swift; sourceTree = "<group>"; };
		B2F1008E25EF86CD003CE61C /* Info.plist */ = {isa = PBXFileReference; lastKnownFileType = text.plist.xml; path = Info.plist; sourceTree = "<group>"; };
		B2F100A325EF8730003CE61C /* WidgetKit.framework */ = {isa = PBXFileReference; lastKnownFileType = wrapper.framework; name = WidgetKit.framework; path = System/Library/Frameworks/WidgetKit.framework; sourceTree = SDKROOT; };
		B2F100A525EF8730003CE61C /* SwiftUI.framework */ = {isa = PBXFileReference; lastKnownFileType = wrapper.framework; name = SwiftUI.framework; path = System/Library/Frameworks/SwiftUI.framework; sourceTree = SDKROOT; };
/* End PBXFileReference section */

/* Begin PBXFrameworksBuildPhase section */
		B2518F0D25F0A31800C3E67C /* Frameworks */ = {
			isa = PBXFrameworksBuildPhase;
			buildActionMask = 2147483647;
			files = (
				B2518F1225F0A31900C3E67C /* SwiftUI.framework in Frameworks */,
				B2518F1125F0A31900C3E67C /* WidgetKit.framework in Frameworks */,
			);
			runOnlyForDeploymentPostprocessing = 0;
		};
		B2F1006925EF86CA003CE61C /* Frameworks */ = {
			isa = PBXFrameworksBuildPhase;
			buildActionMask = 2147483647;
			files = (
			);
			runOnlyForDeploymentPostprocessing = 0;
		};
		B2F1007A25EF86CD003CE61C /* Frameworks */ = {
			isa = PBXFrameworksBuildPhase;
			buildActionMask = 2147483647;
			files = (
			);
			runOnlyForDeploymentPostprocessing = 0;
		};
		B2F1008525EF86CD003CE61C /* Frameworks */ = {
			isa = PBXFrameworksBuildPhase;
			buildActionMask = 2147483647;
			files = (
			);
			runOnlyForDeploymentPostprocessing = 0;
		};
/* End PBXFrameworksBuildPhase section */

/* Begin PBXGroup section */
		B20D3E0E25F0D00B00123A1D /* Resources */ = {
			isa = PBXGroup;
			children = (
				B2518F3A25F0C12200C3E67C /* Images */,
				B2F1007325EF86CD003CE61C /* Assets.xcassets */,
			);
			path = Resources;
			sourceTree = "<group>";
		};
		B20D3E0F25F0D01C00123A1D /* View */ = {
			isa = PBXGroup;
			children = (
				B2F1007125EF86CA003CE61C /* MainView.swift */,
				B20D3E3325F0EAEC00123A1D /* SmallWidgetView.swift */,
				B20D3E4225F0EB0F00123A1D /* MediumWidgetView.swift */,
				B20D3E4D25F0EB3F00123A1D /* LargeWidgetView.swift */,
			);
			path = View;
			sourceTree = "<group>";
		};
		B20D3E3225F0EACB00123A1D /* Common */ = {
			isa = PBXGroup;
			children = (
				B284E6DC25F4BA3100533A72 /* Model */,
				B284E6B525F4939500533A72 /* ObjectArchiver.swift */,
			);
			path = Common;
			sourceTree = "<group>";
		};
		B2518F1325F0A31900C3E67C /* SampleWidget */ = {
			isa = PBXGroup;
			children = (
				B2518F1425F0A31900C3E67C /* SampleWidget.swift */,
				B2518F1625F0A31900C3E67C /* SampleWidget.intentdefinition */,
				B2518F1725F0A31B00C3E67C /* Assets.xcassets */,
				B2518F1925F0A31B00C3E67C /* Info.plist */,
			);
			path = SampleWidget;
			sourceTree = "<group>";
		};
		B2518F3A25F0C12200C3E67C /* Images */ = {
			isa = PBXGroup;
			children = (
				B2518F2825F0C11500C3E67C /* a.jpg */,
				B2518F2A25F0C11500C3E67C /* b.jpg */,
				B2518F2925F0C11500C3E67C /* c.jpg */,
				B2518F2725F0C11400C3E67C /* d.jpg */,
				B2518F2D25F0C11500C3E67C /* e.jpg */,
				B2518F2C25F0C11500C3E67C /* f.jpg */,
				B2518F2625F0C11400C3E67C /* h.jpg */,
			);
			path = Images;
			sourceTree = "<group>";
		};
		B284E6DC25F4BA3100533A72 /* Model */ = {
			isa = PBXGroup;
			children = (
				B20D3E1825F0E74900123A1D /* WidgetProperty.swift */,
				B284E6C425F4B99F00533A72 /* CodableWidgetProperty.swift */,
				B284E6CA25F4B9CA00533A72 /* CodableColor.swift */,
				B284E6D025F4B9F000533A72 /* CodableImage.swift */,
				B284E6D625F4BA1000533A72 /* CodableFont.swift */,
			);
			path = Model;
			sourceTree = "<group>";
		};
		B2F1006325EF86CA003CE61C = {
			isa = PBXGroup;
			children = (
				B20D3E9025F103C200123A1D /* SampleWidgetExtension.entitlements */,
				B2F1006E25EF86CA003CE61C /* WidgetExample */,
				B2F1008025EF86CD003CE61C /* WidgetExampleTests */,
				B2F1008B25EF86CD003CE61C /* WidgetExampleUITests */,
				B2518F1325F0A31900C3E67C /* SampleWidget */,
				B2F100A225EF8730003CE61C /* Frameworks */,
				B2F1006D25EF86CA003CE61C /* Products */,
			);
			sourceTree = "<group>";
		};
		B2F1006D25EF86CA003CE61C /* Products */ = {
			isa = PBXGroup;
			children = (
				B2F1006C25EF86CA003CE61C /* WidgetExample.app */,
				B2F1007D25EF86CD003CE61C /* WidgetExampleTests.xctest */,
				B2F1008825EF86CD003CE61C /* WidgetExampleUITests.xctest */,
				B2518F1025F0A31800C3E67C /* SampleWidgetExtension.appex */,
			);
			name = Products;
			sourceTree = "<group>";
		};
		B2F1006E25EF86CA003CE61C /* WidgetExample */ = {
			isa = PBXGroup;
			children = (
				B20D3E8B25F1039F00123A1D /* WidgetExample.entitlements */,
				B20D3E3225F0EACB00123A1D /* Common */,
				B20D3E0E25F0D00B00123A1D /* Resources */,
				B2F1006F25EF86CA003CE61C /* WidgetExampleApp.swift */,
				B20D3E0F25F0D01C00123A1D /* View */,
				B2F1007825EF86CD003CE61C /* Info.plist */,
				B2F1007525EF86CD003CE61C /* Preview Content */,
				B2518F5025F0CBE700C3E67C /* MainPresenter.swift */,
			);
			path = WidgetExample;
			sourceTree = "<group>";
		};
		B2F1007525EF86CD003CE61C /* Preview Content */ = {
			isa = PBXGroup;
			children = (
				B2F1007625EF86CD003CE61C /* Preview Assets.xcassets */,
			);
			path = "Preview Content";
			sourceTree = "<group>";
		};
		B2F1008025EF86CD003CE61C /* WidgetExampleTests */ = {
			isa = PBXGroup;
			children = (
				B2F1008125EF86CD003CE61C /* WidgetExampleTests.swift */,
				B2F1008325EF86CD003CE61C /* Info.plist */,
			);
			path = WidgetExampleTests;
			sourceTree = "<group>";
		};
		B2F1008B25EF86CD003CE61C /* WidgetExampleUITests */ = {
			isa = PBXGroup;
			children = (
				B2F1008C25EF86CD003CE61C /* WidgetExampleUITests.swift */,
				B2F1008E25EF86CD003CE61C /* Info.plist */,
			);
			path = WidgetExampleUITests;
			sourceTree = "<group>";
		};
		B2F100A225EF8730003CE61C /* Frameworks */ = {
			isa = PBXGroup;
			children = (
				B2F100A325EF8730003CE61C /* WidgetKit.framework */,
				B2F100A525EF8730003CE61C /* SwiftUI.framework */,
			);
			name = Frameworks;
			sourceTree = "<group>";
		};
/* End PBXGroup section */

/* Begin PBXNativeTarget section */
		B2518F0F25F0A31800C3E67C /* SampleWidgetExtension */ = {
			isa = PBXNativeTarget;
			buildConfigurationList = B2518F1F25F0A31B00C3E67C /* Build configuration list for PBXNativeTarget "SampleWidgetExtension" */;
			buildPhases = (
				B2518F0C25F0A31800C3E67C /* Sources */,
				B2518F0D25F0A31800C3E67C /* Frameworks */,
				B2518F0E25F0A31800C3E67C /* Resources */,
			);
			buildRules = (
			);
			dependencies = (
			);
			name = SampleWidgetExtension;
			productName = SampleWidgetExtension;
			productReference = B2518F1025F0A31800C3E67C /* SampleWidgetExtension.appex */;
			productType = "com.apple.product-type.app-extension";
		};
		B2F1006B25EF86CA003CE61C /* WidgetExample */ = {
			isa = PBXNativeTarget;
			buildConfigurationList = B2F1009125EF86CD003CE61C /* Build configuration list for PBXNativeTarget "WidgetExample" */;
			buildPhases = (
				B2F1006825EF86CA003CE61C /* Sources */,
				B2F1006925EF86CA003CE61C /* Frameworks */,
				B2F1006A25EF86CA003CE61C /* Resources */,
				B2F100B625EF8732003CE61C /* Embed App Extensions */,
			);
			buildRules = (
			);
			dependencies = (
				B2518F1D25F0A31B00C3E67C /* PBXTargetDependency */,
			);
			name = WidgetExample;
			productName = WidgetExample;
			productReference = B2F1006C25EF86CA003CE61C /* WidgetExample.app */;
			productType = "com.apple.product-type.application";
		};
		B2F1007C25EF86CD003CE61C /* WidgetExampleTests */ = {
			isa = PBXNativeTarget;
			buildConfigurationList = B2F1009425EF86CD003CE61C /* Build configuration list for PBXNativeTarget "WidgetExampleTests" */;
			buildPhases = (
				B2F1007925EF86CD003CE61C /* Sources */,
				B2F1007A25EF86CD003CE61C /* Frameworks */,
				B2F1007B25EF86CD003CE61C /* Resources */,
			);
			buildRules = (
			);
			dependencies = (
				B2F1007F25EF86CD003CE61C /* PBXTargetDependency */,
			);
			name = WidgetExampleTests;
			productName = WidgetExampleTests;
			productReference = B2F1007D25EF86CD003CE61C /* WidgetExampleTests.xctest */;
			productType = "com.apple.product-type.bundle.unit-test";
		};
		B2F1008725EF86CD003CE61C /* WidgetExampleUITests */ = {
			isa = PBXNativeTarget;
			buildConfigurationList = B2F1009725EF86CD003CE61C /* Build configuration list for PBXNativeTarget "WidgetExampleUITests" */;
			buildPhases = (
				B2F1008425EF86CD003CE61C /* Sources */,
				B2F1008525EF86CD003CE61C /* Frameworks */,
				B2F1008625EF86CD003CE61C /* Resources */,
			);
			buildRules = (
			);
			dependencies = (
				B2F1008A25EF86CD003CE61C /* PBXTargetDependency */,
			);
			name = WidgetExampleUITests;
			productName = WidgetExampleUITests;
			productReference = B2F1008825EF86CD003CE61C /* WidgetExampleUITests.xctest */;
			productType = "com.apple.product-type.bundle.ui-testing";
		};
/* End PBXNativeTarget section */

/* Begin PBXProject section */
		B2F1006425EF86CA003CE61C /* Project object */ = {
			isa = PBXProject;
			attributes = {
				LastSwiftUpdateCheck = 1220;
				LastUpgradeCheck = 1220;
				TargetAttributes = {
					B2518F0F25F0A31800C3E67C = {
						CreatedOnToolsVersion = 12.2;
					};
					B2F1006B25EF86CA003CE61C = {
						CreatedOnToolsVersion = 12.2;
					};
					B2F1007C25EF86CD003CE61C = {
						CreatedOnToolsVersion = 12.2;
						TestTargetID = B2F1006B25EF86CA003CE61C;
					};
					B2F1008725EF86CD003CE61C = {
						CreatedOnToolsVersion = 12.2;
						TestTargetID = B2F1006B25EF86CA003CE61C;
					};
				};
			};
			buildConfigurationList = B2F1006725EF86CA003CE61C /* Build configuration list for PBXProject "WidgetExample" */;
			compatibilityVersion = "Xcode 9.3";
			developmentRegion = en;
			hasScannedForEncodings = 0;
			knownRegions = (
				en,
				Base,
			);
			mainGroup = B2F1006325EF86CA003CE61C;
			productRefGroup = B2F1006D25EF86CA003CE61C /* Products */;
			projectDirPath = "";
			projectRoot = "";
			targets = (
				B2F1006B25EF86CA003CE61C /* WidgetExample */,
				B2F1007C25EF86CD003CE61C /* WidgetExampleTests */,
				B2F1008725EF86CD003CE61C /* WidgetExampleUITests */,
				B2518F0F25F0A31800C3E67C /* SampleWidgetExtension */,
			);
		};
/* End PBXProject section */

/* Begin PBXResourcesBuildPhase section */
		B2518F0E25F0A31800C3E67C /* Resources */ = {
			isa = PBXResourcesBuildPhase;
			buildActionMask = 2147483647;
			files = (
				B20D3E6425F0EBA900123A1D /* b.jpg in Resources */,
				B2518F1825F0A31B00C3E67C /* Assets.xcassets in Resources */,
				B20D3E6E25F0EBAE00123A1D /* d.jpg in Resources */,
				B20D3E7325F0EBB000123A1D /* e.jpg in Resources */,
				B20D3E7D25F0EBB500123A1D /* h.jpg in Resources */,
				B20D3E7825F0EBB300123A1D /* f.jpg in Resources */,
				B20D3E2D25F0EAA000123A1D /* a.jpg in Resources */,
				B20D3E6925F0EBAB00123A1D /* c.jpg in Resources */,
			);
			runOnlyForDeploymentPostprocessing = 0;
		};
		B2F1006A25EF86CA003CE61C /* Resources */ = {
			isa = PBXResourcesBuildPhase;
			buildActionMask = 2147483647;
			files = (
				B2518F3525F0C11500C3E67C /* e.jpg in Resources */,
				B2F1007725EF86CD003CE61C /* Preview Assets.xcassets in Resources */,
				B2518F2F25F0C11500C3E67C /* d.jpg in Resources */,
				B2F1007425EF86CD003CE61C /* Assets.xcassets in Resources */,
				B2518F3125F0C11500C3E67C /* c.jpg in Resources */,
				B2518F2E25F0C11500C3E67C /* h.jpg in Resources */,
				B2518F3425F0C11500C3E67C /* f.jpg in Resources */,
				B2518F3225F0C11500C3E67C /* b.jpg in Resources */,
				B2518F3025F0C11500C3E67C /* a.jpg in Resources */,
			);
			runOnlyForDeploymentPostprocessing = 0;
		};
		B2F1007B25EF86CD003CE61C /* Resources */ = {
			isa = PBXResourcesBuildPhase;
			buildActionMask = 2147483647;
			files = (
			);
			runOnlyForDeploymentPostprocessing = 0;
		};
		B2F1008625EF86CD003CE61C /* Resources */ = {
			isa = PBXResourcesBuildPhase;
			buildActionMask = 2147483647;
			files = (
			);
			runOnlyForDeploymentPostprocessing = 0;
		};
/* End PBXResourcesBuildPhase section */

/* Begin PBXSourcesBuildPhase section */
		B2518F0C25F0A31800C3E67C /* Sources */ = {
			isa = PBXSourcesBuildPhase;
			buildActionMask = 2147483647;
			files = (
				B20D3E1E25F0E75B00123A1D /* WidgetProperty.swift in Sources */,
				B20D3E5325F0EB5200123A1D /* LargeWidgetView.swift in Sources */,
				B20D3E4825F0EB1A00123A1D /* MediumWidgetView.swift in Sources */,
				B2518F1A25F0A31B00C3E67C /* SampleWidget.intentdefinition in Sources */,
				B20D3E3D25F0EB0400123A1D /* SmallWidgetView.swift in Sources */,
				B284E6BB25F4946300533A72 /* ObjectArchiver.swift in Sources */,
				B2518F1525F0A31900C3E67C /* SampleWidget.swift in Sources */,
			);
			runOnlyForDeploymentPostprocessing = 0;
		};
		B2F1006825EF86CA003CE61C /* Sources */ = {
			isa = PBXSourcesBuildPhase;
			buildActionMask = 2147483647;
			files = (
				B20D3E1925F0E74900123A1D /* WidgetProperty.swift in Sources */,
				B284E6C525F4B99F00533A72 /* CodableWidgetProperty.swift in Sources */,
				B284E6CB25F4B9CA00533A72 /* CodableColor.swift in Sources */,
				B2F1007225EF86CA003CE61C /* MainView.swift in Sources */,
				B2518F5125F0CBE700C3E67C /* MainPresenter.swift in Sources */,
				B284E6D725F4BA1000533A72 /* CodableFont.swift in Sources */,
				B20D3E4E25F0EB3F00123A1D /* LargeWidgetView.swift in Sources */,
				B284E6D125F4B9F000533A72 /* CodableImage.swift in Sources */,
				B20D3E8225F1018E00123A1D /* SampleWidget.intentdefinition in Sources */,
				B20D3E4325F0EB0F00123A1D /* MediumWidgetView.swift in Sources */,
				B20D3E3425F0EAEC00123A1D /* SmallWidgetView.swift in Sources */,
				B2F1007025EF86CA003CE61C /* WidgetExampleApp.swift in Sources */,
				B284E6B625F4939500533A72 /* ObjectArchiver.swift in Sources */,
			);
			runOnlyForDeploymentPostprocessing = 0;
		};
		B2F1007925EF86CD003CE61C /* Sources */ = {
			isa = PBXSourcesBuildPhase;
			buildActionMask = 2147483647;
			files = (
				B2F1008225EF86CD003CE61C /* WidgetExampleTests.swift in Sources */,
			);
			runOnlyForDeploymentPostprocessing = 0;
		};
		B2F1008425EF86CD003CE61C /* Sources */ = {
			isa = PBXSourcesBuildPhase;
			buildActionMask = 2147483647;
			files = (
				B2F1008D25EF86CD003CE61C /* WidgetExampleUITests.swift in Sources */,
			);
			runOnlyForDeploymentPostprocessing = 0;
		};
/* End PBXSourcesBuildPhase section */

/* Begin PBXTargetDependency section */
		B2518F1D25F0A31B00C3E67C /* PBXTargetDependency */ = {
			isa = PBXTargetDependency;
			target = B2518F0F25F0A31800C3E67C /* SampleWidgetExtension */;
			targetProxy = B2518F1C25F0A31B00C3E67C /* PBXContainerItemProxy */;
		};
		B2F1007F25EF86CD003CE61C /* PBXTargetDependency */ = {
			isa = PBXTargetDependency;
			target = B2F1006B25EF86CA003CE61C /* WidgetExample */;
			targetProxy = B2F1007E25EF86CD003CE61C /* PBXContainerItemProxy */;
		};
		B2F1008A25EF86CD003CE61C /* PBXTargetDependency */ = {
			isa = PBXTargetDependency;
			target = B2F1006B25EF86CA003CE61C /* WidgetExample */;
			targetProxy = B2F1008925EF86CD003CE61C /* PBXContainerItemProxy */;
		};
/* End PBXTargetDependency section */

/* Begin XCBuildConfiguration section */
		B2518F2025F0A31B00C3E67C /* Debug */ = {
			isa = XCBuildConfiguration;
			buildSettings = {
				ASSETCATALOG_COMPILER_GLOBAL_ACCENT_COLOR_NAME = AccentColor;
				ASSETCATALOG_COMPILER_WIDGET_BACKGROUND_COLOR_NAME = WidgetBackground;
				CODE_SIGN_ENTITLEMENTS = SampleWidgetExtension.entitlements;
				CODE_SIGN_STYLE = Automatic;
				DEVELOPMENT_TEAM = 9GAPXPF2Z5;
				INFOPLIST_FILE = SampleWidget/Info.plist;
				LD_RUNPATH_SEARCH_PATHS = (
					"$(inherited)",
					"@executable_path/Frameworks",
					"@executable_path/../../Frameworks",
				);
				PRODUCT_BUNDLE_IDENTIFIER = com.mamunul.WidgetExample.SampleWidget;
				PRODUCT_NAME = "$(TARGET_NAME)";
				SKIP_INSTALL = YES;
				SWIFT_VERSION = 5.0;
				TARGETED_DEVICE_FAMILY = "1,2";
			};
			name = Debug;
		};
		B2518F2125F0A31B00C3E67C /* Release */ = {
			isa = XCBuildConfiguration;
			buildSettings = {
				ASSETCATALOG_COMPILER_GLOBAL_ACCENT_COLOR_NAME = AccentColor;
				ASSETCATALOG_COMPILER_WIDGET_BACKGROUND_COLOR_NAME = WidgetBackground;
				CODE_SIGN_ENTITLEMENTS = SampleWidgetExtension.entitlements;
				CODE_SIGN_STYLE = Automatic;
				DEVELOPMENT_TEAM = 9GAPXPF2Z5;
				INFOPLIST_FILE = SampleWidget/Info.plist;
				LD_RUNPATH_SEARCH_PATHS = (
					"$(inherited)",
					"@executable_path/Frameworks",
					"@executable_path/../../Frameworks",
				);
				PRODUCT_BUNDLE_IDENTIFIER = com.mamunul.WidgetExample.SampleWidget;
				PRODUCT_NAME = "$(TARGET_NAME)";
				SKIP_INSTALL = YES;
				SWIFT_VERSION = 5.0;
				TARGETED_DEVICE_FAMILY = "1,2";
			};
			name = Release;
		};
		B2F1008F25EF86CD003CE61C /* Debug */ = {
			isa = XCBuildConfiguration;
			buildSettings = {
				ALWAYS_SEARCH_USER_PATHS = NO;
				CLANG_ANALYZER_NONNULL = YES;
				CLANG_ANALYZER_NUMBER_OBJECT_CONVERSION = YES_AGGRESSIVE;
				CLANG_CXX_LANGUAGE_STANDARD = "gnu++14";
				CLANG_CXX_LIBRARY = "libc++";
				CLANG_ENABLE_MODULES = YES;
				CLANG_ENABLE_OBJC_ARC = YES;
				CLANG_ENABLE_OBJC_WEAK = YES;
				CLANG_WARN_BLOCK_CAPTURE_AUTORELEASING = YES;
				CLANG_WARN_BOOL_CONVERSION = YES;
				CLANG_WARN_COMMA = YES;
				CLANG_WARN_CONSTANT_CONVERSION = YES;
				CLANG_WARN_DEPRECATED_OBJC_IMPLEMENTATIONS = YES;
				CLANG_WARN_DIRECT_OBJC_ISA_USAGE = YES_ERROR;
				CLANG_WARN_DOCUMENTATION_COMMENTS = YES;
				CLANG_WARN_EMPTY_BODY = YES;
				CLANG_WARN_ENUM_CONVERSION = YES;
				CLANG_WARN_INFINITE_RECURSION = YES;
				CLANG_WARN_INT_CONVERSION = YES;
				CLANG_WARN_NON_LITERAL_NULL_CONVERSION = YES;
				CLANG_WARN_OBJC_IMPLICIT_RETAIN_SELF = YES;
				CLANG_WARN_OBJC_LITERAL_CONVERSION = YES;
				CLANG_WARN_OBJC_ROOT_CLASS = YES_ERROR;
				CLANG_WARN_QUOTED_INCLUDE_IN_FRAMEWORK_HEADER = YES;
				CLANG_WARN_RANGE_LOOP_ANALYSIS = YES;
				CLANG_WARN_STRICT_PROTOTYPES = YES;
				CLANG_WARN_SUSPICIOUS_MOVE = YES;
				CLANG_WARN_UNGUARDED_AVAILABILITY = YES_AGGRESSIVE;
				CLANG_WARN_UNREACHABLE_CODE = YES;
				CLANG_WARN__DUPLICATE_METHOD_MATCH = YES;
				COPY_PHASE_STRIP = NO;
				DEBUG_INFORMATION_FORMAT = dwarf;
				ENABLE_STRICT_OBJC_MSGSEND = YES;
				ENABLE_TESTABILITY = YES;
				GCC_C_LANGUAGE_STANDARD = gnu11;
				GCC_DYNAMIC_NO_PIC = NO;
				GCC_NO_COMMON_BLOCKS = YES;
				GCC_OPTIMIZATION_LEVEL = 0;
				GCC_PREPROCESSOR_DEFINITIONS = (
					"DEBUG=1",
					"$(inherited)",
				);
				GCC_WARN_64_TO_32_BIT_CONVERSION = YES;
				GCC_WARN_ABOUT_RETURN_TYPE = YES_ERROR;
				GCC_WARN_UNDECLARED_SELECTOR = YES;
				GCC_WARN_UNINITIALIZED_AUTOS = YES_AGGRESSIVE;
				GCC_WARN_UNUSED_FUNCTION = YES;
				GCC_WARN_UNUSED_VARIABLE = YES;
				IPHONEOS_DEPLOYMENT_TARGET = 14.2;
				MTL_ENABLE_DEBUG_INFO = INCLUDE_SOURCE;
				MTL_FAST_MATH = YES;
				ONLY_ACTIVE_ARCH = YES;
				SDKROOT = iphoneos;
				SWIFT_ACTIVE_COMPILATION_CONDITIONS = DEBUG;
				SWIFT_OPTIMIZATION_LEVEL = "-Onone";
			};
			name = Debug;
		};
		B2F1009025EF86CD003CE61C /* Release */ = {
			isa = XCBuildConfiguration;
			buildSettings = {
				ALWAYS_SEARCH_USER_PATHS = NO;
				CLANG_ANALYZER_NONNULL = YES;
				CLANG_ANALYZER_NUMBER_OBJECT_CONVERSION = YES_AGGRESSIVE;
				CLANG_CXX_LANGUAGE_STANDARD = "gnu++14";
				CLANG_CXX_LIBRARY = "libc++";
				CLANG_ENABLE_MODULES = YES;
				CLANG_ENABLE_OBJC_ARC = YES;
				CLANG_ENABLE_OBJC_WEAK = YES;
				CLANG_WARN_BLOCK_CAPTURE_AUTORELEASING = YES;
				CLANG_WARN_BOOL_CONVERSION = YES;
				CLANG_WARN_COMMA = YES;
				CLANG_WARN_CONSTANT_CONVERSION = YES;
				CLANG_WARN_DEPRECATED_OBJC_IMPLEMENTATIONS = YES;
				CLANG_WARN_DIRECT_OBJC_ISA_USAGE = YES_ERROR;
				CLANG_WARN_DOCUMENTATION_COMMENTS = YES;
				CLANG_WARN_EMPTY_BODY = YES;
				CLANG_WARN_ENUM_CONVERSION = YES;
				CLANG_WARN_INFINITE_RECURSION = YES;
				CLANG_WARN_INT_CONVERSION = YES;
				CLANG_WARN_NON_LITERAL_NULL_CONVERSION = YES;
				CLANG_WARN_OBJC_IMPLICIT_RETAIN_SELF = YES;
				CLANG_WARN_OBJC_LITERAL_CONVERSION = YES;
				CLANG_WARN_OBJC_ROOT_CLASS = YES_ERROR;
				CLANG_WARN_QUOTED_INCLUDE_IN_FRAMEWORK_HEADER = YES;
				CLANG_WARN_RANGE_LOOP_ANALYSIS = YES;
				CLANG_WARN_STRICT_PROTOTYPES = YES;
				CLANG_WARN_SUSPICIOUS_MOVE = YES;
				CLANG_WARN_UNGUARDED_AVAILABILITY = YES_AGGRESSIVE;
				CLANG_WARN_UNREACHABLE_CODE = YES;
				CLANG_WARN__DUPLICATE_METHOD_MATCH = YES;
				COPY_PHASE_STRIP = NO;
				DEBUG_INFORMATION_FORMAT = "dwarf-with-dsym";
				ENABLE_NS_ASSERTIONS = NO;
				ENABLE_STRICT_OBJC_MSGSEND = YES;
				GCC_C_LANGUAGE_STANDARD = gnu11;
				GCC_NO_COMMON_BLOCKS = YES;
				GCC_WARN_64_TO_32_BIT_CONVERSION = YES;
				GCC_WARN_ABOUT_RETURN_TYPE = YES_ERROR;
				GCC_WARN_UNDECLARED_SELECTOR = YES;
				GCC_WARN_UNINITIALIZED_AUTOS = YES_AGGRESSIVE;
				GCC_WARN_UNUSED_FUNCTION = YES;
				GCC_WARN_UNUSED_VARIABLE = YES;
				IPHONEOS_DEPLOYMENT_TARGET = 14.2;
				MTL_ENABLE_DEBUG_INFO = NO;
				MTL_FAST_MATH = YES;
				SDKROOT = iphoneos;
				SWIFT_COMPILATION_MODE = wholemodule;
				SWIFT_OPTIMIZATION_LEVEL = "-O";
				VALIDATE_PRODUCT = YES;
			};
			name = Release;
		};
		B2F1009225EF86CD003CE61C /* Debug */ = {
			isa = XCBuildConfiguration;
			buildSettings = {
				ALWAYS_EMBED_SWIFT_STANDARD_LIBRARIES = YES;
				ASSETCATALOG_COMPILER_APPICON_NAME = AppIcon;
				ASSETCATALOG_COMPILER_GLOBAL_ACCENT_COLOR_NAME = AccentColor;
				CODE_SIGN_ENTITLEMENTS = WidgetExample/WidgetExample.entitlements;
				CODE_SIGN_STYLE = Automatic;
				DEVELOPMENT_ASSET_PATHS = "\"WidgetExample/Preview Content\"";
				DEVELOPMENT_TEAM = 9GAPXPF2Z5;
				ENABLE_PREVIEWS = YES;
				INFOPLIST_FILE = WidgetExample/Info.plist;
				IPHONEOS_DEPLOYMENT_TARGET = 14.0;
				LD_RUNPATH_SEARCH_PATHS = (
					"$(inherited)",
					"@executable_path/Frameworks",
				);
				PRODUCT_BUNDLE_IDENTIFIER = com.mamunul.WidgetExample;
				PRODUCT_NAME = "$(TARGET_NAME)";
				SWIFT_VERSION = 5.0;
				TARGETED_DEVICE_FAMILY = "1,2";
			};
			name = Debug;
		};
		B2F1009325EF86CD003CE61C /* Release */ = {
			isa = XCBuildConfiguration;
			buildSettings = {
				ALWAYS_EMBED_SWIFT_STANDARD_LIBRARIES = YES;
				ASSETCATALOG_COMPILER_APPICON_NAME = AppIcon;
				ASSETCATALOG_COMPILER_GLOBAL_ACCENT_COLOR_NAME = AccentColor;
				CODE_SIGN_ENTITLEMENTS = WidgetExample/WidgetExample.entitlements;
				CODE_SIGN_STYLE = Automatic;
				DEVELOPMENT_ASSET_PATHS = "\"WidgetExample/Preview Content\"";
				DEVELOPMENT_TEAM = 9GAPXPF2Z5;
				ENABLE_PREVIEWS = YES;
				INFOPLIST_FILE = WidgetExample/Info.plist;
				IPHONEOS_DEPLOYMENT_TARGET = 14.0;
				LD_RUNPATH_SEARCH_PATHS = (
					"$(inherited)",
					"@executable_path/Frameworks",
				);
				PRODUCT_BUNDLE_IDENTIFIER = com.mamunul.WidgetExample;
				PRODUCT_NAME = "$(TARGET_NAME)";
				SWIFT_VERSION = 5.0;
				TARGETED_DEVICE_FAMILY = "1,2";
			};
			name = Release;
		};
		B2F1009525EF86CD003CE61C /* Debug */ = {
			isa = XCBuildConfiguration;
			buildSettings = {
				ALWAYS_EMBED_SWIFT_STANDARD_LIBRARIES = YES;
				BUNDLE_LOADER = "$(TEST_HOST)";
				CODE_SIGN_STYLE = Automatic;
				DEVELOPMENT_TEAM = 9GAPXPF2Z5;
				INFOPLIST_FILE = WidgetExampleTests/Info.plist;
				IPHONEOS_DEPLOYMENT_TARGET = 14.0;
				LD_RUNPATH_SEARCH_PATHS = (
					"$(inherited)",
					"@executable_path/Frameworks",
					"@loader_path/Frameworks",
				);
				PRODUCT_BUNDLE_IDENTIFIER = com.mamunul.WidgetExampleTests;
				PRODUCT_NAME = "$(TARGET_NAME)";
				SWIFT_VERSION = 5.0;
				TARGETED_DEVICE_FAMILY = "1,2";
				TEST_HOST = "$(BUILT_PRODUCTS_DIR)/WidgetExample.app/WidgetExample";
			};
			name = Debug;
		};
		B2F1009625EF86CD003CE61C /* Release */ = {
			isa = XCBuildConfiguration;
			buildSettings = {
				ALWAYS_EMBED_SWIFT_STANDARD_LIBRARIES = YES;
				BUNDLE_LOADER = "$(TEST_HOST)";
				CODE_SIGN_STYLE = Automatic;
				DEVELOPMENT_TEAM = 9GAPXPF2Z5;
				INFOPLIST_FILE = WidgetExampleTests/Info.plist;
				IPHONEOS_DEPLOYMENT_TARGET = 14.0;
				LD_RUNPATH_SEARCH_PATHS = (
					"$(inherited)",
					"@executable_path/Frameworks",
					"@loader_path/Frameworks",
				);
				PRODUCT_BUNDLE_IDENTIFIER = com.mamunul.WidgetExampleTests;
				PRODUCT_NAME = "$(TARGET_NAME)";
				SWIFT_VERSION = 5.0;
				TARGETED_DEVICE_FAMILY = "1,2";
				TEST_HOST = "$(BUILT_PRODUCTS_DIR)/WidgetExample.app/WidgetExample";
			};
			name = Release;
		};
		B2F1009825EF86CD003CE61C /* Debug */ = {
			isa = XCBuildConfiguration;
			buildSettings = {
				ALWAYS_EMBED_SWIFT_STANDARD_LIBRARIES = YES;
				CODE_SIGN_STYLE = Automatic;
				DEVELOPMENT_TEAM = 9GAPXPF2Z5;
				INFOPLIST_FILE = WidgetExampleUITests/Info.plist;
				LD_RUNPATH_SEARCH_PATHS = (
					"$(inherited)",
					"@executable_path/Frameworks",
					"@loader_path/Frameworks",
				);
				PRODUCT_BUNDLE_IDENTIFIER = com.mamunul.WidgetExampleUITests;
				PRODUCT_NAME = "$(TARGET_NAME)";
				SWIFT_VERSION = 5.0;
				TARGETED_DEVICE_FAMILY = "1,2";
				TEST_TARGET_NAME = WidgetExample;
			};
			name = Debug;
		};
		B2F1009925EF86CD003CE61C /* Release */ = {
			isa = XCBuildConfiguration;
			buildSettings = {
				ALWAYS_EMBED_SWIFT_STANDARD_LIBRARIES = YES;
				CODE_SIGN_STYLE = Automatic;
				DEVELOPMENT_TEAM = 9GAPXPF2Z5;
				INFOPLIST_FILE = WidgetExampleUITests/Info.plist;
				LD_RUNPATH_SEARCH_PATHS = (
					"$(inherited)",
					"@executable_path/Frameworks",
					"@loader_path/Frameworks",
				);
				PRODUCT_BUNDLE_IDENTIFIER = com.mamunul.WidgetExampleUITests;
				PRODUCT_NAME = "$(TARGET_NAME)";
				SWIFT_VERSION = 5.0;
				TARGETED_DEVICE_FAMILY = "1,2";
				TEST_TARGET_NAME = WidgetExample;
			};
			name = Release;
		};
/* End XCBuildConfiguration section */

/* Begin XCConfigurationList section */
		B2518F1F25F0A31B00C3E67C /* Build configuration list for PBXNativeTarget "SampleWidgetExtension" */ = {
			isa = XCConfigurationList;
			buildConfigurations = (
				B2518F2025F0A31B00C3E67C /* Debug */,
				B2518F2125F0A31B00C3E67C /* Release */,
			);
			defaultConfigurationIsVisible = 0;
			defaultConfigurationName = Release;
		};
		B2F1006725EF86CA003CE61C /* Build configuration list for PBXProject "WidgetExample" */ = {
			isa = XCConfigurationList;
			buildConfigurations = (
				B2F1008F25EF86CD003CE61C /* Debug */,
				B2F1009025EF86CD003CE61C /* Release */,
			);
			defaultConfigurationIsVisible = 0;
			defaultConfigurationName = Release;
		};
		B2F1009125EF86CD003CE61C /* Build configuration list for PBXNativeTarget "WidgetExample" */ = {
			isa = XCConfigurationList;
			buildConfigurations = (
				B2F1009225EF86CD003CE61C /* Debug */,
				B2F1009325EF86CD003CE61C /* Release */,
			);
			defaultConfigurationIsVisible = 0;
			defaultConfigurationName = Release;
		};
		B2F1009425EF86CD003CE61C /* Build configuration list for PBXNativeTarget "WidgetExampleTests" */ = {
			isa = XCConfigurationList;
			buildConfigurations = (
				B2F1009525EF86CD003CE61C /* Debug */,
				B2F1009625EF86CD003CE61C /* Release */,
			);
			defaultConfigurationIsVisible = 0;
			defaultConfigurationName = Release;
		};
		B2F1009725EF86CD003CE61C /* Build configuration list for PBXNativeTarget "WidgetExampleUITests" */ = {
			isa = XCConfigurationList;
			buildConfigurations = (
				B2F1009825EF86CD003CE61C /* Debug */,
				B2F1009925EF86CD003CE61C /* Release */,
			);
			defaultConfigurationIsVisible = 0;
			defaultConfigurationName = Release;
		};
/* End XCConfigurationList section */
	};
	rootObject = B2F1006425EF86CA003CE61C /* Project object */;
}
